# This file is generated by running "yarn install" inside your project.
# Manual changes might be lost - proceed with caution!

__metadata:
  version: 8
  cacheKey: 10

"05_react-multi-select-dropdown@workspace:.":
  version: 0.0.0-use.local
  resolution: "05_react-multi-select-dropdown@workspace:."
  dependencies:
    "@tailwindcss/postcss": "npm:4.0.3"
    next: "npm:15.1.6"
    postcss: "npm:8.5.1"
    react: "npm:19.0.0"
    react-dom: "npm:19.0.0"
    tailwindcss: "npm:4.0.3"
  languageName: unknown
  linkType: soft

"@alloc/quick-lru@npm:^5.2.0":
  version: 5.2.0
  resolution: "@alloc/quick-lru@npm:5.2.0"
  checksum: 10/bdc35758b552bcf045733ac047fb7f9a07c4678b944c641adfbd41f798b4b91fffd0fdc0df2578d9b0afc7b4d636aa6e110ead5d6281a2adc1ab90efd7f057f8
  languageName: node
  linkType: hard

"@emnapi/runtime@npm:^1.2.0":
  version: 1.3.1
  resolution: "@emnapi/runtime@npm:1.3.1"
  dependencies:
    tslib: "npm:^2.4.0"
  checksum: 10/619915ee44682356f77f60455025e667b0b04ad3c95ced36c03782aea9ebc066fa73e86c4a59d221177eba5e5533d40b3a6dbff4e58ee5d81db4270185c21e22
  languageName: node
  linkType: hard

"@img/sharp-darwin-arm64@npm:0.33.5":
  version: 0.33.5
  resolution: "@img/sharp-darwin-arm64@npm:0.33.5"
  dependencies:
    "@img/sharp-libvips-darwin-arm64": "npm:1.0.4"
  dependenciesMeta:
    "@img/sharp-libvips-darwin-arm64":
      optional: true
  conditions: os=darwin & cpu=arm64
  languageName: node
  linkType: hard

"@img/sharp-darwin-x64@npm:0.33.5":
  version: 0.33.5
  resolution: "@img/sharp-darwin-x64@npm:0.33.5"
  dependencies:
    "@img/sharp-libvips-darwin-x64": "npm:1.0.4"
  dependenciesMeta:
    "@img/sharp-libvips-darwin-x64":
      optional: true
  conditions: os=darwin & cpu=x64
  languageName: node
  linkType: hard

"@img/sharp-libvips-darwin-arm64@npm:1.0.4":
  version: 1.0.4
  resolution: "@img/sharp-libvips-darwin-arm64@npm:1.0.4"
  conditions: os=darwin & cpu=arm64
  languageName: node
  linkType: hard

"@img/sharp-libvips-darwin-x64@npm:1.0.4":
  version: 1.0.4
  resolution: "@img/sharp-libvips-darwin-x64@npm:1.0.4"
  conditions: os=darwin & cpu=x64
  languageName: node
  linkType: hard

"@img/sharp-libvips-linux-arm64@npm:1.0.4":
  version: 1.0.4
  resolution: "@img/sharp-libvips-linux-arm64@npm:1.0.4"
  conditions: os=linux & cpu=arm64 & libc=glibc
  languageName: node
  linkType: hard

"@img/sharp-libvips-linux-arm@npm:1.0.5":
  version: 1.0.5
  resolution: "@img/sharp-libvips-linux-arm@npm:1.0.5"
  conditions: os=linux & cpu=arm & libc=glibc
  languageName: node
  linkType: hard

"@img/sharp-libvips-linux-s390x@npm:1.0.4":
  version: 1.0.4
  resolution: "@img/sharp-libvips-linux-s390x@npm:1.0.4"
  conditions: os=linux & cpu=s390x & libc=glibc
  languageName: node
  linkType: hard

"@img/sharp-libvips-linux-x64@npm:1.0.4":
  version: 1.0.4
  resolution: "@img/sharp-libvips-linux-x64@npm:1.0.4"
  conditions: os=linux & cpu=x64 & libc=glibc
  languageName: node
  linkType: hard

"@img/sharp-libvips-linuxmusl-arm64@npm:1.0.4":
  version: 1.0.4
  resolution: "@img/sharp-libvips-linuxmusl-arm64@npm:1.0.4"
  conditions: os=linux & cpu=arm64 & libc=musl
  languageName: node
  linkType: hard

"@img/sharp-libvips-linuxmusl-x64@npm:1.0.4":
  version: 1.0.4
  resolution: "@img/sharp-libvips-linuxmusl-x64@npm:1.0.4"
  conditions: os=linux & cpu=x64 & libc=musl
  languageName: node
  linkType: hard

"@img/sharp-linux-arm64@npm:0.33.5":
  version: 0.33.5
  resolution: "@img/sharp-linux-arm64@npm:0.33.5"
  dependencies:
    "@img/sharp-libvips-linux-arm64": "npm:1.0.4"
  dependenciesMeta:
    "@img/sharp-libvips-linux-arm64":
      optional: true
  conditions: os=linux & cpu=arm64 & libc=glibc
  languageName: node
  linkType: hard

"@img/sharp-linux-arm@npm:0.33.5":
  version: 0.33.5
  resolution: "@img/sharp-linux-arm@npm:0.33.5"
  dependencies:
    "@img/sharp-libvips-linux-arm": "npm:1.0.5"
  dependenciesMeta:
    "@img/sharp-libvips-linux-arm":
      optional: true
  conditions: os=linux & cpu=arm & libc=glibc
  languageName: node
  linkType: hard

"@img/sharp-linux-s390x@npm:0.33.5":
  version: 0.33.5
  resolution: "@img/sharp-linux-s390x@npm:0.33.5"
  dependencies:
    "@img/sharp-libvips-linux-s390x": "npm:1.0.4"
  dependenciesMeta:
    "@img/sharp-libvips-linux-s390x":
      optional: true
  conditions: os=linux & cpu=s390x & libc=glibc
  languageName: node
  linkType: hard

"@img/sharp-linux-x64@npm:0.33.5":
  version: 0.33.5
  resolution: "@img/sharp-linux-x64@npm:0.33.5"
  dependencies:
    "@img/sharp-libvips-linux-x64": "npm:1.0.4"
  dependenciesMeta:
    "@img/sharp-libvips-linux-x64":
      optional: true
  conditions: os=linux & cpu=x64 & libc=glibc
  languageName: node
  linkType: hard

"@img/sharp-linuxmusl-arm64@npm:0.33.5":
  version: 0.33.5
  resolution: "@img/sharp-linuxmusl-arm64@npm:0.33.5"
  dependencies:
    "@img/sharp-libvips-linuxmusl-arm64": "npm:1.0.4"
  dependenciesMeta:
    "@img/sharp-libvips-linuxmusl-arm64":
      optional: true
  conditions: os=linux & cpu=arm64 & libc=musl
  languageName: node
  linkType: hard

"@img/sharp-linuxmusl-x64@npm:0.33.5":
  version: 0.33.5
  resolution: "@img/sharp-linuxmusl-x64@npm:0.33.5"
  dependencies:
    "@img/sharp-libvips-linuxmusl-x64": "npm:1.0.4"
  dependenciesMeta:
    "@img/sharp-libvips-linuxmusl-x64":
      optional: true
  conditions: os=linux & cpu=x64 & libc=musl
  languageName: node
  linkType: hard

"@img/sharp-wasm32@npm:0.33.5":
  version: 0.33.5
  resolution: "@img/sharp-wasm32@npm:0.33.5"
  dependencies:
    "@emnapi/runtime": "npm:^1.2.0"
  conditions: cpu=wasm32
  languageName: node
  linkType: hard

"@img/sharp-win32-ia32@npm:0.33.5":
  version: 0.33.5
  resolution: "@img/sharp-win32-ia32@npm:0.33.5"
  conditions: os=win32 & cpu=ia32
  languageName: node
  linkType: hard

"@img/sharp-win32-x64@npm:0.33.5":
  version: 0.33.5
  resolution: "@img/sharp-win32-x64@npm:0.33.5"
  conditions: os=win32 & cpu=x64
  languageName: node
  linkType: hard

"@next/env@npm:15.1.6":
  version: 15.1.6
  resolution: "@next/env@npm:15.1.6"
  checksum: 10/c3a05fc217906df99ff13096f7c3647967a3c56bb5a3c2f070ffde2cba183d6c1375fba99f6c16913cb323b76750bfe4641968adf381b08ac7a0016f01bd89b9
  languageName: node
  linkType: hard

"@next/swc-darwin-arm64@npm:15.1.6":
  version: 15.1.6
  resolution: "@next/swc-darwin-arm64@npm:15.1.6"
  conditions: os=darwin & cpu=arm64
  languageName: node
  linkType: hard

"@next/swc-darwin-x64@npm:15.1.6":
  version: 15.1.6
  resolution: "@next/swc-darwin-x64@npm:15.1.6"
  conditions: os=darwin & cpu=x64
  languageName: node
  linkType: hard

"@next/swc-linux-arm64-gnu@npm:15.1.6":
  version: 15.1.6
  resolution: "@next/swc-linux-arm64-gnu@npm:15.1.6"
  conditions: os=linux & cpu=arm64 & libc=glibc
  languageName: node
  linkType: hard

"@next/swc-linux-arm64-musl@npm:15.1.6":
  version: 15.1.6
  resolution: "@next/swc-linux-arm64-musl@npm:15.1.6"
  conditions: os=linux & cpu=arm64 & libc=musl
  languageName: node
  linkType: hard

"@next/swc-linux-x64-gnu@npm:15.1.6":
  version: 15.1.6
  resolution: "@next/swc-linux-x64-gnu@npm:15.1.6"
  conditions: os=linux & cpu=x64 & libc=glibc
  languageName: node
  linkType: hard

"@next/swc-linux-x64-musl@npm:15.1.6":
  version: 15.1.6
  resolution: "@next/swc-linux-x64-musl@npm:15.1.6"
  conditions: os=linux & cpu=x64 & libc=musl
  languageName: node
  linkType: hard

"@next/swc-win32-arm64-msvc@npm:15.1.6":
  version: 15.1.6
  resolution: "@next/swc-win32-arm64-msvc@npm:15.1.6"
  conditions: os=win32 & cpu=arm64
  languageName: node
  linkType: hard

"@next/swc-win32-x64-msvc@npm:15.1.6":
  version: 15.1.6
  resolution: "@next/swc-win32-x64-msvc@npm:15.1.6"
  conditions: os=win32 & cpu=x64
  languageName: node
  linkType: hard

"@swc/counter@npm:0.1.3":
  version: 0.1.3
  resolution: "@swc/counter@npm:0.1.3"
  checksum: 10/df8f9cfba9904d3d60f511664c70d23bb323b3a0803ec9890f60133954173047ba9bdeabce28cd70ba89ccd3fd6c71c7b0bd58be85f611e1ffbe5d5c18616598
  languageName: node
  linkType: hard

"@swc/helpers@npm:0.5.15":
  version: 0.5.15
  resolution: "@swc/helpers@npm:0.5.15"
  dependencies:
    tslib: "npm:^2.8.0"
  checksum: 10/e3f32c6deeecfb0fa3f22edff03a7b358e7ce16d27b0f1c8b5cdc3042c5c4ce4da6eac0b781ab7cc4f54696ece657467d56734fb26883439fb00017385364c4c
  languageName: node
  linkType: hard

"@tailwindcss/node@npm:^4.0.3":
  version: 4.0.3
  resolution: "@tailwindcss/node@npm:4.0.3"
  dependencies:
    enhanced-resolve: "npm:^5.18.0"
    jiti: "npm:^2.4.2"
    tailwindcss: "npm:4.0.3"
  checksum: 10/7a2d79298aaa09804a28b291e5bdeab978383367e137ef1e2f04f10cfe3dbd71597fce408c275852a6f7ea12f5120372707040f9c9dade59ff7d55c1728921f1
  languageName: node
  linkType: hard

"@tailwindcss/oxide-android-arm64@npm:4.0.3":
  version: 4.0.3
  resolution: "@tailwindcss/oxide-android-arm64@npm:4.0.3"
  conditions: os=android & cpu=arm64
  languageName: node
  linkType: hard

"@tailwindcss/oxide-darwin-arm64@npm:4.0.3":
  version: 4.0.3
  resolution: "@tailwindcss/oxide-darwin-arm64@npm:4.0.3"
  conditions: os=darwin & cpu=arm64
  languageName: node
  linkType: hard

"@tailwindcss/oxide-darwin-x64@npm:4.0.3":
  version: 4.0.3
  resolution: "@tailwindcss/oxide-darwin-x64@npm:4.0.3"
  conditions: os=darwin & cpu=x64
  languageName: node
  linkType: hard

"@tailwindcss/oxide-freebsd-x64@npm:4.0.3":
  version: 4.0.3
  resolution: "@tailwindcss/oxide-freebsd-x64@npm:4.0.3"
  conditions: os=freebsd & cpu=x64
  languageName: node
  linkType: hard

"@tailwindcss/oxide-linux-arm-gnueabihf@npm:4.0.3":
  version: 4.0.3
  resolution: "@tailwindcss/oxide-linux-arm-gnueabihf@npm:4.0.3"
  conditions: os=linux & cpu=arm
  languageName: node
  linkType: hard

"@tailwindcss/oxide-linux-arm64-gnu@npm:4.0.3":
  version: 4.0.3
  resolution: "@tailwindcss/oxide-linux-arm64-gnu@npm:4.0.3"
  conditions: os=linux & cpu=arm64 & libc=glibc
  languageName: node
  linkType: hard

"@tailwindcss/oxide-linux-arm64-musl@npm:4.0.3":
  version: 4.0.3
  resolution: "@tailwindcss/oxide-linux-arm64-musl@npm:4.0.3"
  conditions: os=linux & cpu=arm64 & libc=musl
  languageName: node
  linkType: hard

"@tailwindcss/oxide-linux-x64-gnu@npm:4.0.3":
  version: 4.0.3
  resolution: "@tailwindcss/oxide-linux-x64-gnu@npm:4.0.3"
  conditions: os=linux & cpu=x64 & libc=glibc
  languageName: node
  linkType: hard

"@tailwindcss/oxide-linux-x64-musl@npm:4.0.3":
  version: 4.0.3
  resolution: "@tailwindcss/oxide-linux-x64-musl@npm:4.0.3"
  conditions: os=linux & cpu=x64 & libc=musl
  languageName: node
  linkType: hard

"@tailwindcss/oxide-win32-arm64-msvc@npm:4.0.3":
  version: 4.0.3
  resolution: "@tailwindcss/oxide-win32-arm64-msvc@npm:4.0.3"
  conditions: os=win32 & cpu=arm64
  languageName: node
  linkType: hard

"@tailwindcss/oxide-win32-x64-msvc@npm:4.0.3":
  version: 4.0.3
  resolution: "@tailwindcss/oxide-win32-x64-msvc@npm:4.0.3"
  conditions: os=win32 & cpu=x64
  languageName: node
  linkType: hard

"@tailwindcss/oxide@npm:^4.0.3":
  version: 4.0.3
  resolution: "@tailwindcss/oxide@npm:4.0.3"
  dependencies:
    "@tailwindcss/oxide-android-arm64": "npm:4.0.3"
    "@tailwindcss/oxide-darwin-arm64": "npm:4.0.3"
    "@tailwindcss/oxide-darwin-x64": "npm:4.0.3"
    "@tailwindcss/oxide-freebsd-x64": "npm:4.0.3"
    "@tailwindcss/oxide-linux-arm-gnueabihf": "npm:4.0.3"
    "@tailwindcss/oxide-linux-arm64-gnu": "npm:4.0.3"
    "@tailwindcss/oxide-linux-arm64-musl": "npm:4.0.3"
    "@tailwindcss/oxide-linux-x64-gnu": "npm:4.0.3"
    "@tailwindcss/oxide-linux-x64-musl": "npm:4.0.3"
    "@tailwindcss/oxide-win32-arm64-msvc": "npm:4.0.3"
    "@tailwindcss/oxide-win32-x64-msvc": "npm:4.0.3"
  dependenciesMeta:
    "@tailwindcss/oxide-android-arm64":
      optional: true
    "@tailwindcss/oxide-darwin-arm64":
      optional: true
    "@tailwindcss/oxide-darwin-x64":
      optional: true
    "@tailwindcss/oxide-freebsd-x64":
      optional: true
    "@tailwindcss/oxide-linux-arm-gnueabihf":
      optional: true
    "@tailwindcss/oxide-linux-arm64-gnu":
      optional: true
    "@tailwindcss/oxide-linux-arm64-musl":
      optional: true
    "@tailwindcss/oxide-linux-x64-gnu":
      optional: true
    "@tailwindcss/oxide-linux-x64-musl":
      optional: true
    "@tailwindcss/oxide-win32-arm64-msvc":
      optional: true
    "@tailwindcss/oxide-win32-x64-msvc":
      optional: true
  checksum: 10/86fedaf133df200fa06a12fc22f9bd3a07f85b1250876f04546685225828ce30476cca3a0fffa4f4b1417634b2874e3e1c74162faa4c6fb6759c21529c67cde1
  languageName: node
  linkType: hard

"@tailwindcss/postcss@npm:4.0.3":
  version: 4.0.3
  resolution: "@tailwindcss/postcss@npm:4.0.3"
  dependencies:
    "@alloc/quick-lru": "npm:^5.2.0"
    "@tailwindcss/node": "npm:^4.0.3"
    "@tailwindcss/oxide": "npm:^4.0.3"
    lightningcss: "npm:^1.29.1"
    postcss: "npm:^8.4.41"
    tailwindcss: "npm:4.0.3"
  checksum: 10/f23240ea8eb0ea0a487ff88786566f1156db38f5448aeb514eeefebb6b6d99b0b7f5cf00b4fc7d2e835f1bbf7a88edee04f8585b4ff825cdae6a4a62ca9d5de3
  languageName: node
  linkType: hard

"busboy@npm:1.6.0":
  version: 1.6.0
  resolution: "busboy@npm:1.6.0"
  dependencies:
    streamsearch: "npm:^1.1.0"
  checksum: 10/bee10fa10ea58e7e3e7489ffe4bda6eacd540a17de9f9cd21cc37e297b2dd9fe52b2715a5841afaec82900750d810d01d7edb4b2d456427f449b92b417579763
  languageName: node
  linkType: hard

"caniuse-lite@npm:^1.0.30001579":
  version: 1.0.30001697
  resolution: "caniuse-lite@npm:1.0.30001697"
  checksum: 10/cd0ca97e71f4157ff3d26990a24122586a973a14086ad43c459c2f0f2f9876b327eee57c2315bb04bd5e826e77d0b6f55723c583c78be0eaf0f3f171afaf7eff
  languageName: node
  linkType: hard

"client-only@npm:0.0.1":
  version: 0.0.1
  resolution: "client-only@npm:0.0.1"
  checksum: 10/0c16bf660dadb90610553c1d8946a7fdfb81d624adea073b8440b7d795d5b5b08beb3c950c6a2cf16279365a3265158a236876d92bce16423c485c322d7dfaf8
  languageName: node
  linkType: hard

"color-convert@npm:^2.0.1":
  version: 2.0.1
  resolution: "color-convert@npm:2.0.1"
  dependencies:
    color-name: "npm:~1.1.4"
  checksum: 10/fa00c91b4332b294de06b443923246bccebe9fab1b253f7fe1772d37b06a2269b4039a85e309abe1fe11b267b11c08d1d0473fda3badd6167f57313af2887a64
  languageName: node
  linkType: hard

"color-name@npm:^1.0.0, color-name@npm:~1.1.4":
  version: 1.1.4
  resolution: "color-name@npm:1.1.4"
  checksum: 10/b0445859521eb4021cd0fb0cc1a75cecf67fceecae89b63f62b201cca8d345baf8b952c966862a9d9a2632987d4f6581f0ec8d957dfacece86f0a7919316f610
  languageName: node
  linkType: hard

"color-string@npm:^1.9.0":
  version: 1.9.1
  resolution: "color-string@npm:1.9.1"
  dependencies:
    color-name: "npm:^1.0.0"
    simple-swizzle: "npm:^0.2.2"
  checksum: 10/72aa0b81ee71b3f4fb1ac9cd839cdbd7a011a7d318ef58e6cb13b3708dca75c7e45029697260488709f1b1c7ac4e35489a87e528156c1e365917d1c4ccb9b9cd
  languageName: node
  linkType: hard

"color@npm:^4.2.3":
  version: 4.2.3
  resolution: "color@npm:4.2.3"
  dependencies:
    color-convert: "npm:^2.0.1"
    color-string: "npm:^1.9.0"
  checksum: 10/b23f5e500a79ea22428db43d1a70642d983405c0dd1f95ef59dbdb9ba66afbb4773b334fa0b75bb10b0552fd7534c6b28d4db0a8b528f91975976e70973c0152
  languageName: node
  linkType: hard

"detect-libc@npm:^1.0.3":
  version: 1.0.3
  resolution: "detect-libc@npm:1.0.3"
  bin:
    detect-libc: ./bin/detect-libc.js
  checksum: 10/3849fe7720feb153e4ac9407086956e073f1ce1704488290ef0ca8aab9430a8d48c8a9f8351889e7cdc64e5b1128589501e4fef48f3a4a49ba92cd6d112d0757
  languageName: node
  linkType: hard

"detect-libc@npm:^2.0.3":
  version: 2.0.3
  resolution: "detect-libc@npm:2.0.3"
  checksum: 10/b4ea018d623e077bd395f168a9e81db77370dde36a5b01d067f2ad7989924a81d31cb547ff764acb2aa25d50bb7fdde0b0a93bec02212b0cb430621623246d39
  languageName: node
  linkType: hard

"enhanced-resolve@npm:^5.18.0":
  version: 5.18.0
  resolution: "enhanced-resolve@npm:5.18.0"
  dependencies:
    graceful-fs: "npm:^4.2.4"
    tapable: "npm:^2.2.0"
  checksum: 10/e88463ef97b68d40d0da0cd0c572e23f43dba0be622d6d44eae5cafed05f0c5dac43e463a83a86c4f70186d029357f82b56d9e1e47e8fc91dce3d6602f8bd6ce
  languageName: node
  linkType: hard

"graceful-fs@npm:^4.2.4":
  version: 4.2.11
  resolution: "graceful-fs@npm:4.2.11"
  checksum: 10/bf152d0ed1dc159239db1ba1f74fdbc40cb02f626770dcd5815c427ce0688c2635a06ed69af364396da4636d0408fcf7d4afdf7881724c3307e46aff30ca49e2
  languageName: node
  linkType: hard

"is-arrayish@npm:^0.3.1":
  version: 0.3.2
  resolution: "is-arrayish@npm:0.3.2"
  checksum: 10/81a78d518ebd8b834523e25d102684ee0f7e98637136d3bdc93fd09636350fa06f1d8ca997ea28143d4d13cb1b69c0824f082db0ac13e1ab3311c10ffea60ade
  languageName: node
  linkType: hard

"jiti@npm:^2.4.2":
  version: 2.4.2
  resolution: "jiti@npm:2.4.2"
  bin:
    jiti: lib/jiti-cli.mjs
  checksum: 10/e2b07eb2e3fbb245e29ad288dddecab31804967fc84d5e01d39858997d2743b5e248946defcecf99272275a00284ecaf7ec88b8c841331324f0c946d8274414b
  languageName: node
  linkType: hard

"lightningcss-darwin-arm64@npm:1.29.1":
  version: 1.29.1
  resolution: "lightningcss-darwin-arm64@npm:1.29.1"
  conditions: os=darwin & cpu=arm64
  languageName: node
  linkType: hard

"lightningcss-darwin-x64@npm:1.29.1":
  version: 1.29.1
  resolution: "lightningcss-darwin-x64@npm:1.29.1"
  conditions: os=darwin & cpu=x64
  languageName: node
  linkType: hard

"lightningcss-freebsd-x64@npm:1.29.1":
  version: 1.29.1
  resolution: "lightningcss-freebsd-x64@npm:1.29.1"
  conditions: os=freebsd & cpu=x64
  languageName: node
  linkType: hard

"lightningcss-linux-arm-gnueabihf@npm:1.29.1":
  version: 1.29.1
  resolution: "lightningcss-linux-arm-gnueabihf@npm:1.29.1"
  conditions: os=linux & cpu=arm
  languageName: node
  linkType: hard

"lightningcss-linux-arm64-gnu@npm:1.29.1":
  version: 1.29.1
  resolution: "lightningcss-linux-arm64-gnu@npm:1.29.1"
  conditions: os=linux & cpu=arm64 & libc=glibc
  languageName: node
  linkType: hard

"lightningcss-linux-arm64-musl@npm:1.29.1":
  version: 1.29.1
  resolution: "lightningcss-linux-arm64-musl@npm:1.29.1"
  conditions: os=linux & cpu=arm64 & libc=musl
  languageName: node
  linkType: hard

"lightningcss-linux-x64-gnu@npm:1.29.1":
  version: 1.29.1
  resolution: "lightningcss-linux-x64-gnu@npm:1.29.1"
  conditions: os=linux & cpu=x64 & libc=glibc
  languageName: node
  linkType: hard

"lightningcss-linux-x64-musl@npm:1.29.1":
  version: 1.29.1
  resolution: "lightningcss-linux-x64-musl@npm:1.29.1"
  conditions: os=linux & cpu=x64 & libc=musl
  languageName: node
  linkType: hard

"lightningcss-win32-arm64-msvc@npm:1.29.1":
  version: 1.29.1
  resolution: "lightningcss-win32-arm64-msvc@npm:1.29.1"
  conditions: os=win32 & cpu=arm64
  languageName: node
  linkType: hard

"lightningcss-win32-x64-msvc@npm:1.29.1":
  version: 1.29.1
  resolution: "lightningcss-win32-x64-msvc@npm:1.29.1"
  conditions: os=win32 & cpu=x64
  languageName: node
  linkType: hard

"lightningcss@npm:^1.29.1":
  version: 1.29.1
  resolution: "lightningcss@npm:1.29.1"
  dependencies:
    detect-libc: "npm:^1.0.3"
    lightningcss-darwin-arm64: "npm:1.29.1"
    lightningcss-darwin-x64: "npm:1.29.1"
    lightningcss-freebsd-x64: "npm:1.29.1"
    lightningcss-linux-arm-gnueabihf: "npm:1.29.1"
    lightningcss-linux-arm64-gnu: "npm:1.29.1"
    lightningcss-linux-arm64-musl: "npm:1.29.1"
    lightningcss-linux-x64-gnu: "npm:1.29.1"
    lightningcss-linux-x64-musl: "npm:1.29.1"
    lightningcss-win32-arm64-msvc: "npm:1.29.1"
    lightningcss-win32-x64-msvc: "npm:1.29.1"
  dependenciesMeta:
    lightningcss-darwin-arm64:
      optional: true
    lightningcss-darwin-x64:
      optional: true
    lightningcss-freebsd-x64:
      optional: true
    lightningcss-linux-arm-gnueabihf:
      optional: true
    lightningcss-linux-arm64-gnu:
      optional: true
    lightningcss-linux-arm64-musl:
      optional: true
    lightningcss-linux-x64-gnu:
      optional: true
    lightningcss-linux-x64-musl:
      optional: true
    lightningcss-win32-arm64-msvc:
      optional: true
    lightningcss-win32-x64-msvc:
      optional: true
  checksum: 10/c6428a695ca985fa28ea899eb72471e0c6a71715291cb62f938b038596a971b6b22d83415d882dec27841169b1b773989b16df173f5ce9075c3fdc22ff764cff
  languageName: node
  linkType: hard

"nanoid@npm:^3.3.6":
  version: 3.3.6
  resolution: "nanoid@npm:3.3.6"
  bin:
    nanoid: bin/nanoid.cjs
  checksum: 10/67235c39d1bc05851383dadde5cf77ae1c90c2a1d189e845c7f20f646f0488d875ad5f5226bbba072a88cebbb085a3f784a6673117daf785bdf614a852550362
  languageName: node
  linkType: hard

"nanoid@npm:^3.3.8":
  version: 3.3.8
  resolution: "nanoid@npm:3.3.8"
  bin:
    nanoid: bin/nanoid.cjs
  checksum: 10/2d1766606cf0d6f47b6f0fdab91761bb81609b2e3d367027aff45e6ee7006f660fb7e7781f4a34799fe6734f1268eeed2e37a5fdee809ade0c2d4eb11b0f9c40
  languageName: node
  linkType: hard

"next@npm:15.1.6":
  version: 15.1.6
  resolution: "next@npm:15.1.6"
  dependencies:
    "@next/env": "npm:15.1.6"
    "@next/swc-darwin-arm64": "npm:15.1.6"
    "@next/swc-darwin-x64": "npm:15.1.6"
    "@next/swc-linux-arm64-gnu": "npm:15.1.6"
    "@next/swc-linux-arm64-musl": "npm:15.1.6"
    "@next/swc-linux-x64-gnu": "npm:15.1.6"
    "@next/swc-linux-x64-musl": "npm:15.1.6"
    "@next/swc-win32-arm64-msvc": "npm:15.1.6"
    "@next/swc-win32-x64-msvc": "npm:15.1.6"
    "@swc/counter": "npm:0.1.3"
    "@swc/helpers": "npm:0.5.15"
    busboy: "npm:1.6.0"
    caniuse-lite: "npm:^1.0.30001579"
    postcss: "npm:8.4.31"
    sharp: "npm:^0.33.5"
    styled-jsx: "npm:5.1.6"
  peerDependencies:
    "@opentelemetry/api": ^1.1.0
    "@playwright/test": ^1.41.2
    babel-plugin-react-compiler: "*"
    react: ^18.2.0 || 19.0.0-rc-de68d2f4-20241204 || ^19.0.0
    react-dom: ^18.2.0 || 19.0.0-rc-de68d2f4-20241204 || ^19.0.0
    sass: ^1.3.0
  dependenciesMeta:
    "@next/swc-darwin-arm64":
      optional: true
    "@next/swc-darwin-x64":
      optional: true
    "@next/swc-linux-arm64-gnu":
      optional: true
    "@next/swc-linux-arm64-musl":
      optional: true
    "@next/swc-linux-x64-gnu":
      optional: true
    "@next/swc-linux-x64-musl":
      optional: true
    "@next/swc-win32-arm64-msvc":
      optional: true
    "@next/swc-win32-x64-msvc":
      optional: true
    sharp:
      optional: true
  peerDependenciesMeta:
    "@opentelemetry/api":
      optional: true
    "@playwright/test":
      optional: true
    babel-plugin-react-compiler:
      optional: true
    sass:
      optional: true
  bin:
    next: dist/bin/next
  checksum: 10/145fd878d99e3c93408d2571a2acc4c4542220162f8aa0495d494a5f9b38e919815eba71d15735ad2ca253404395fb03c728e28590c2aeb39133581f93da192c
  languageName: node
  linkType: hard

"picocolors@npm:^1.0.0":
  version: 1.0.0
  resolution: "picocolors@npm:1.0.0"
  checksum: 10/a2e8092dd86c8396bdba9f2b5481032848525b3dc295ce9b57896f931e63fc16f79805144321f72976383fc249584672a75cc18d6777c6b757603f372f745981
  languageName: node
  linkType: hard

"picocolors@npm:^1.1.1":
  version: 1.1.1
  resolution: "picocolors@npm:1.1.1"
  checksum: 10/e1cf46bf84886c79055fdfa9dcb3e4711ad259949e3565154b004b260cd356c5d54b31a1437ce9782624bf766272fe6b0154f5f0c744fb7af5d454d2b60db045
  languageName: node
  linkType: hard

"postcss@npm:8.4.31":
  version: 8.4.31
  resolution: "postcss@npm:8.4.31"
  dependencies:
    nanoid: "npm:^3.3.6"
    picocolors: "npm:^1.0.0"
    source-map-js: "npm:^1.0.2"
  checksum: 10/1a6653e72105907377f9d4f2cd341d8d90e3fde823a5ddea1e2237aaa56933ea07853f0f2758c28892a1d70c53bbaca200eb8b80f8ed55f13093003dbec5afa0
  languageName: node
  linkType: hard

"postcss@npm:8.5.1, postcss@npm:^8.4.41":
  version: 8.5.1
  resolution: "postcss@npm:8.5.1"
  dependencies:
    nanoid: "npm:^3.3.8"
    picocolors: "npm:^1.1.1"
    source-map-js: "npm:^1.2.1"
  checksum: 10/1fbd28753143f7f03e4604813639918182b15343c7ad0f4e72f3875fc2cc0b8494c887f55dc05008fad5fbf1e1e908ce2edbbce364a91f84dcefb71edf7cd31d
  languageName: node
  linkType: hard

"react-dom@npm:19.0.0":
  version: 19.0.0
  resolution: "react-dom@npm:19.0.0"
  dependencies:
    scheduler: "npm:^0.25.0"
  peerDependencies:
    react: ^19.0.0
  checksum: 10/aa64a2f1991042f516260e8b0eca0ae777b6c8f1aa2b5ae096e80bbb6ac9b005aef2bca697969841d34f7e1819556263476bdfea36c35092e8d9aefde3de2d9a
  languageName: node
  linkType: hard

"react@npm:19.0.0":
  version: 19.0.0
  resolution: "react@npm:19.0.0"
  checksum: 10/2490969c503f644703c88990d20e4011fa6119ddeca451e9de48f6d7ab058d670d2852a5fcd3aa3cd90a923ab2815d532637bd4a814add402ae5c0d4f129ee71
  languageName: node
  linkType: hard

"scheduler@npm:^0.25.0":
  version: 0.25.0
  resolution: "scheduler@npm:0.25.0"
  checksum: 10/e661e38503ab29a153429a99203fefa764f28b35c079719eb5efdd2c1c1086522f6653d8ffce388209682c23891a6d1d32fa6badf53c35fb5b9cd0c55ace42de
  languageName: node
  linkType: hard

"semver@npm:^7.6.3":
  version: 7.7.1
  resolution: "semver@npm:7.7.1"
  bin:
    semver: bin/semver.js
  checksum: 10/4cfa1eb91ef3751e20fc52e47a935a0118d56d6f15a837ab814da0c150778ba2ca4f1a4d9068b33070ea4273629e615066664c2cfcd7c272caf7a8a0f6518b2c
  languageName: node
  linkType: hard

"sharp@npm:^0.33.5":
  version: 0.33.5
  resolution: "sharp@npm:0.33.5"
  dependencies:
    "@img/sharp-darwin-arm64": "npm:0.33.5"
    "@img/sharp-darwin-x64": "npm:0.33.5"
    "@img/sharp-libvips-darwin-arm64": "npm:1.0.4"
    "@img/sharp-libvips-darwin-x64": "npm:1.0.4"
    "@img/sharp-libvips-linux-arm": "npm:1.0.5"
    "@img/sharp-libvips-linux-arm64": "npm:1.0.4"
    "@img/sharp-libvips-linux-s390x": "npm:1.0.4"
    "@img/sharp-libvips-linux-x64": "npm:1.0.4"
    "@img/sharp-libvips-linuxmusl-arm64": "npm:1.0.4"
    "@img/sharp-libvips-linuxmusl-x64": "npm:1.0.4"
    "@img/sharp-linux-arm": "npm:0.33.5"
    "@img/sharp-linux-arm64": "npm:0.33.5"
    "@img/sharp-linux-s390x": "npm:0.33.5"
    "@img/sharp-linux-x64": "npm:0.33.5"
    "@img/sharp-linuxmusl-arm64": "npm:0.33.5"
    "@img/sharp-linuxmusl-x64": "npm:0.33.5"
    "@img/sharp-wasm32": "npm:0.33.5"
    "@img/sharp-win32-ia32": "npm:0.33.5"
    "@img/sharp-win32-x64": "npm:0.33.5"
    color: "npm:^4.2.3"
    detect-libc: "npm:^2.0.3"
    semver: "npm:^7.6.3"
  dependenciesMeta:
    "@img/sharp-darwin-arm64":
      optional: true
    "@img/sharp-darwin-x64":
      optional: true
    "@img/sharp-libvips-darwin-arm64":
      optional: true
    "@img/sharp-libvips-darwin-x64":
      optional: true
    "@img/sharp-libvips-linux-arm":
      optional: true
    "@img/sharp-libvips-linux-arm64":
      optional: true
    "@img/sharp-libvips-linux-s390x":
      optional: true
    "@img/sharp-libvips-linux-x64":
      optional: true
    "@img/sharp-libvips-linuxmusl-arm64":
      optional: true
    "@img/sharp-libvips-linuxmusl-x64":
      optional: true
    "@img/sharp-linux-arm":
      optional: true
    "@img/sharp-linux-arm64":
      optional: true
    "@img/sharp-linux-s390x":
      optional: true
    "@img/sharp-linux-x64":
      optional: true
    "@img/sharp-linuxmusl-arm64":
      optional: true
    "@img/sharp-linuxmusl-x64":
      optional: true
    "@img/sharp-wasm32":
      optional: true
    "@img/sharp-win32-ia32":
      optional: true
    "@img/sharp-win32-x64":
      optional: true
  checksum: 10/9f153578cb02735359cbcc874f52b56b8074ed997498c35255c7099d4f4f506f6ddf83a437a55242c7ad4f979336660504b6c78e29d6933f4981dedbdae5ce09
  languageName: node
  linkType: hard

"simple-swizzle@npm:^0.2.2":
  version: 0.2.2
  resolution: "simple-swizzle@npm:0.2.2"
  dependencies:
    is-arrayish: "npm:^0.3.1"
  checksum: 10/c6dffff17aaa383dae7e5c056fbf10cf9855a9f79949f20ee225c04f06ddde56323600e0f3d6797e82d08d006e93761122527438ee9531620031c08c9e0d73cc
  languageName: node
  linkType: hard

"source-map-js@npm:^1.0.2":
  version: 1.0.2
  resolution: "source-map-js@npm:1.0.2"
  checksum: 10/38e2d2dd18d2e331522001fc51b54127ef4a5d473f53b1349c5cca2123562400e0986648b52e9407e348eaaed53bce49248b6e2641e6d793ca57cb2c360d6d51
  languageName: node
  linkType: hard

"source-map-js@npm:^1.2.1":
  version: 1.2.1
  resolution: "source-map-js@npm:1.2.1"
  checksum: 10/ff9d8c8bf096d534a5b7707e0382ef827b4dd360a577d3f34d2b9f48e12c9d230b5747974ee7c607f0df65113732711bb701fe9ece3c7edbd43cb2294d707df3
  languageName: node
  linkType: hard

"streamsearch@npm:^1.1.0":
  version: 1.1.0
  resolution: "streamsearch@npm:1.1.0"
  checksum: 10/612c2b2a7dbcc859f74597112f80a42cbe4d448d03da790d5b7b39673c1197dd3789e91cd67210353e58857395d32c1e955a9041c4e6d5bae723436b3ed9ed14
  languageName: node
  linkType: hard

"styled-jsx@npm:5.1.6":
  version: 5.1.6
  resolution: "styled-jsx@npm:5.1.6"
  dependencies:
    client-only: "npm:0.0.1"
  peerDependencies:
    react: ">= 16.8.0 || 17.x.x || ^18.0.0-0 || ^19.0.0-0"
  peerDependenciesMeta:
    "@babel/core":
      optional: true
    babel-plugin-macros:
      optional: true
  checksum: 10/ba01200e8227fe1441a719c2e7da96c8aa7ef61d14211d1500e1abce12efa118479bcb6e7e12beecb9e1db76432caad2f4e01bbc0c9be21c134b088a4ca5ffe0
  languageName: node
  linkType: hard

"tailwindcss@npm:4.0.3":
  version: 4.0.3
  resolution: "tailwindcss@npm:4.0.3"
  checksum: 10/d9c464b205df6169aab7bf05b158562ec15820c47ad7e9fff2419c98d2040ef53ff5689a8f57b80510576311e356fbb02ab7c47b3868885fe39dc3d1bd83b543
  languageName: node
  linkType: hard

"tapable@npm:^2.2.0":
  version: 2.2.1
  resolution: "tapable@npm:2.2.1"
  checksum: 10/1769336dd21481ae6347611ca5fca47add0962fd8e80466515032125eca0084a4f0ede11e65341b9c0018ef4e1cf1ad820adbb0fba7cc99865c6005734000b0a
  languageName: node
  linkType: hard

"tslib@npm:^2.4.0":
  version: 2.6.2
  resolution: "tslib@npm:2.6.2"
  checksum: 10/bd26c22d36736513980091a1e356378e8b662ded04204453d353a7f34a4c21ed0afc59b5f90719d4ba756e581a162ecbf93118dc9c6be5acf70aa309188166ca
  languageName: node
  linkType: hard

"tslib@npm:^2.8.0":
  version: 2.8.1
  resolution: "tslib@npm:2.8.1"
  checksum: 10/3e2e043d5c2316461cb54e5c7fe02c30ef6dccb3384717ca22ae5c6b5bc95232a6241df19c622d9c73b809bea33b187f6dbc73030963e29950c2141bc32a79f7
  languageName: node
  linkType: hard
